
Microsoft Visual Studio Solution File, Format Version 12.00
# Visual Studio Version 17
VisualStudioVersion = 17.4.33403.182
MinimumVisualStudioVersion = 10.0.40219.1
Project("{9A19103F-16F7-4668-BE54-9A1E7A4F7556}") = "GithubRepoTracker", "GithubRepoTracker\GithubRepoTracker.csproj", "{765B2525-B0DA-41F9-83FF-CBE3534AAD62}"
EndProject
Project("{FAE04EC0-301F-11D3-BF4B-00C04F79EFBC}") = "GithubRepoTrackerTest", "GithubRepoTrackerTest\GithubRepoTrackerTest.csproj", "{1FE82F72-FB2C-42F0-A701-30C594B1757D}"
EndProject
Global
	GlobalSection(SolutionConfigurationPlatforms) = preSolution
		Debug|Any CPU = Debug|Any CPU
		Release|Any CPU = Release|Any CPU
	EndGlobalSection
	GlobalSection(ProjectConfigurationPlatforms) = postSolution
		{765B2525-B0DA-41F9-83FF-CBE3534AAD62}.Debug|Any CPU.ActiveCfg = Debug|Any CPU
		{765B2525-B0DA-41F9-83FF-CBE3534AAD62}.Debug|Any CPU.Build.0 = Debug|Any CPU
		{765B2525-B0DA-41F9-83FF-CBE3534AAD62}.Release|Any CPU.ActiveCfg = Release|Any CPU
		{765B2525-B0DA-41F9-83FF-CBE3534AAD62}.Release|Any CPU.Build.0 = Release|Any CPU
		{1FE82F72-FB2C-42F0-A701-30C594B1757D}.Debug|Any CPU.ActiveCfg = Debug|Any CPU
		{1FE82F72-FB2C-42F0-A701-30C594B1757D}.Debug|Any CPU.Build.0 = Debug|Any CPU
		{1FE82F72-FB2C-42F0-A701-30C594B1757D}.Release|Any CPU.ActiveCfg = Release|Any CPU
		{1FE82F72-FB2C-42F0-A701-30C594B1757D}.Release|Any CPU.Build.0 = Release|Any CPU
	EndGlobalSection
	GlobalSection(SolutionProperties) = preSolution
		HideSolutionNode = FALSE
	EndGlobalSection
	GlobalSection(ExtensibilityGlobals) = postSolution
		SolutionGuid = {227988EE-2456-4628-93B0-F78CE27C9D0A}
	EndGlobalSection
EndGlobal
